// !$*UTF8*$!
{
	archiveVersion = 1;
	classes = {
	};
	objectVersion = 56;
	objects = {

/* Begin PBXBuildFile section */
		558463BA2A0274EF00646730 /* AppActionsViewModel.swift in Sources */ = {isa = PBXBuildFile; fileRef = 558463B92A0274EF00646730 /* AppActionsViewModel.swift */; };
		558463BD2A02750800646730 /* TriggerKit in Frameworks */ = {isa = PBXBuildFile; productRef = 558463BC2A02750800646730 /* TriggerKit */; };
		558463BF2A02846D00646730 /* ActionsView.swift in Sources */ = {isa = PBXBuildFile; fileRef = 558463BE2A02846D00646730 /* ActionsView.swift */; };
		558463C32A02873300646730 /* DemoView.swift in Sources */ = {isa = PBXBuildFile; fileRef = 558463C22A02873300646730 /* DemoView.swift */; };
		55ABA28E2A0251E0004A84E5 /* TriggerKitDemoApp.swift in Sources */ = {isa = PBXBuildFile; fileRef = 55ABA28D2A0251E0004A84E5 /* TriggerKitDemoApp.swift */; };
		55ABA2902A0251E0004A84E5 /* AppTabView.swift in Sources */ = {isa = PBXBuildFile; fileRef = 55ABA28F2A0251E0004A84E5 /* AppTabView.swift */; };
		55ABA2922A0251E1004A84E5 /* Assets.xcassets in Resources */ = {isa = PBXBuildFile; fileRef = 55ABA2912A0251E1004A84E5 /* Assets.xcassets */; };
		55ABA2952A0251E1004A84E5 /* Preview Assets.xcassets in Resources */ = {isa = PBXBuildFile; fileRef = 55ABA2942A0251E1004A84E5 /* Preview Assets.xcassets */; };
/* End PBXBuildFile section */

/* Begin PBXFileReference section */
		558463B82A02524700646730 /* TriggerKit */ = {isa = PBXFileReference; lastKnownFileType = wrapper; name = TriggerKit; path = ../..; sourceTree = "<group>"; };
		558463B92A0274EF00646730 /* AppActionsViewModel.swift */ = {isa = PBXFileReference; lastKnownFileType = sourcecode.swift; path = AppActionsViewModel.swift; sourceTree = "<group>"; };
		558463BE2A02846D00646730 /* ActionsView.swift */ = {isa = PBXFileReference; lastKnownFileType = sourcecode.swift; path = ActionsView.swift; sourceTree = "<group>"; };
		558463C22A02873300646730 /* DemoView.swift */ = {isa = PBXFileReference; lastKnownFileType = sourcecode.swift; path = DemoView.swift; sourceTree = "<group>"; };
		55ABA28A2A0251E0004A84E5 /* TriggerKitDemo.app */ = {isa = PBXFileReference; explicitFileType = wrapper.application; includeInIndex = 0; path = TriggerKitDemo.app; sourceTree = BUILT_PRODUCTS_DIR; };
		55ABA28D2A0251E0004A84E5 /* TriggerKitDemoApp.swift */ = {isa = PBXFileReference; lastKnownFileType = sourcecode.swift; path = TriggerKitDemoApp.swift; sourceTree = "<group>"; };
		55ABA28F2A0251E0004A84E5 /* AppTabView.swift */ = {isa = PBXFileReference; lastKnownFileType = sourcecode.swift; path = AppTabView.swift; sourceTree = "<group>"; };
		55ABA2912A0251E1004A84E5 /* Assets.xcassets */ = {isa = PBXFileReference; lastKnownFileType = folder.assetcatalog; path = Assets.xcassets; sourceTree = "<group>"; };
		55ABA2942A0251E1004A84E5 /* Preview Assets.xcassets */ = {isa = PBXFileReference; lastKnownFileType = folder.assetcatalog; path = "Preview Assets.xcassets"; sourceTree = "<group>"; };
		55F0076A2A062A0700D7D2AE /* Info.plist */ = {isa = PBXFileReference; lastKnownFileType = text.plist; path = Info.plist; sourceTree = "<group>"; };
/* End PBXFileReference section */

/* Begin PBXFrameworksBuildPhase section */
		55ABA2872A0251E0004A84E5 /* Frameworks */ = {
			isa = PBXFrameworksBuildPhase;
			buildActionMask = 2147483647;
			files = (
				558463BD2A02750800646730 /* TriggerKit in Frameworks */,
			);
			runOnlyForDeploymentPostprocessing = 0;
		};
/* End PBXFrameworksBuildPhase section */

/* Begin PBXGroup section */
		558463B72A02524700646730 /* Packages */ = {
			isa = PBXGroup;
			children = (
				558463B82A02524700646730 /* TriggerKit */,
			);
			name = Packages;
			sourceTree = "<group>";
		};
		558463BB2A02750800646730 /* Frameworks */ = {
			isa = PBXGroup;
			children = (
			);
			name = Frameworks;
			sourceTree = "<group>";
		};
		558463C02A0284C800646730 /* Views */ = {
			isa = PBXGroup;
			children = (
				55ABA28F2A0251E0004A84E5 /* AppTabView.swift */,
				558463C22A02873300646730 /* DemoView.swift */,
				558463BE2A02846D00646730 /* ActionsView.swift */,
			);
			path = Views;
			sourceTree = "<group>";
		};
		558463C12A0284D000646730 /* Model */ = {
			isa = PBXGroup;
			children = (
				558463B92A0274EF00646730 /* AppActionsViewModel.swift */,
			);
			path = Model;
			sourceTree = "<group>";
		};
		55ABA2812A0251E0004A84E5 = {
			isa = PBXGroup;
			children = (
				558463B72A02524700646730 /* Packages */,
				55ABA28C2A0251E0004A84E5 /* TriggerKitDemo */,
				55ABA28B2A0251E0004A84E5 /* Products */,
				558463BB2A02750800646730 /* Frameworks */,
			);
			sourceTree = "<group>";
		};
		55ABA28B2A0251E0004A84E5 /* Products */ = {
			isa = PBXGroup;
			children = (
				55ABA28A2A0251E0004A84E5 /* TriggerKitDemo.app */,
			);
			name = Products;
			sourceTree = "<group>";
		};
		55ABA28C2A0251E0004A84E5 /* TriggerKitDemo */ = {
			isa = PBXGroup;
			children = (
				55F0076A2A062A0700D7D2AE /* Info.plist */,
				55ABA28D2A0251E0004A84E5 /* TriggerKitDemoApp.swift */,
				558463C12A0284D000646730 /* Model */,
				558463C02A0284C800646730 /* Views */,
				55ABA2912A0251E1004A84E5 /* Assets.xcassets */,
				55ABA2932A0251E1004A84E5 /* Preview Content */,
			);
			path = TriggerKitDemo;
			sourceTree = "<group>";
		};
		55ABA2932A0251E1004A84E5 /* Preview Content */ = {
			isa = PBXGroup;
			children = (
				55ABA2942A0251E1004A84E5 /* Preview Assets.xcassets */,
			);
			path = "Preview Content";
			sourceTree = "<group>";
		};
/* End PBXGroup section */

/* Begin PBXNativeTarget section */
		55ABA2892A0251E0004A84E5 /* TriggerKitDemo */ = {
			isa = PBXNativeTarget;
			buildConfigurationList = 55ABA2982A0251E1004A84E5 /* Build configuration list for PBXNativeTarget "TriggerKitDemo" */;
			buildPhases = (
				55ABA2862A0251E0004A84E5 /* Sources */,
				55ABA2872A0251E0004A84E5 /* Frameworks */,
				55ABA2882A0251E0004A84E5 /* Resources */,
			);
			buildRules = (
			);
			dependencies = (
			);
			name = TriggerKitDemo;
			packageProductDependencies = (
				558463BC2A02750800646730 /* TriggerKit */,
			);
			productName = TriggerKitDemo;
			productReference = 55ABA28A2A0251E0004A84E5 /* TriggerKitDemo.app */;
			productType = "com.apple.product-type.application";
		};
/* End PBXNativeTarget section */

/* Begin PBXProject section */
		55ABA2822A0251E0004A84E5 /* Project object */ = {
			isa = PBXProject;
			attributes = {
				BuildIndependentTargetsInParallel = 1;
				LastSwiftUpdateCheck = 1430;
				LastUpgradeCheck = 1430;
				TargetAttributes = {
					55ABA2892A0251E0004A84E5 = {
						CreatedOnToolsVersion = 14.3;
					};
				};
			};
			buildConfigurationList = 55ABA2852A0251E0004A84E5 /* Build configuration list for PBXProject "TriggerKitDemo" */;
			compatibilityVersion = "Xcode 14.0";
			developmentRegion = en;
			hasScannedForEncodings = 0;
			knownRegions = (
				en,
				Base,
			);
			mainGroup = 55ABA2812A0251E0004A84E5;
			productRefGroup = 55ABA28B2A0251E0004A84E5 /* Products */;
			projectDirPath = "";
			projectRoot = "";
			targets = (
				55ABA2892A0251E0004A84E5 /* TriggerKitDemo */,
			);
		};
/* End PBXProject section */

/* Begin PBXResourcesBuildPhase section */
		55ABA2882A0251E0004A84E5 /* Resources */ = {
			isa = PBXResourcesBuildPhase;
			buildActionMask = 2147483647;
			files = (
				55ABA2952A0251E1004A84E5 /* Preview Assets.xcassets in Resources */,
				55ABA2922A0251E1004A84E5 /* Assets.xcassets in Resources */,
			);
			runOnlyForDeploymentPostprocessing = 0;
		};
/* End PBXResourcesBuildPhase section */

/* Begin PBXSourcesBuildPhase section */
		55ABA2862A0251E0004A84E5 /* Sources */ = {
			isa = PBXSourcesBuildPhase;
			buildActionMask = 2147483647;
			files = (
				55ABA2902A0251E0004A84E5 /* AppTabView.swift in Sources */,
				55ABA28E2A0251E0004A84E5 /* TriggerKitDemoApp.swift in Sources */,
				558463BA2A0274EF00646730 /* AppActionsViewModel.swift in Sources */,
				558463C32A02873300646730 /* DemoView.swift in Sources */,
				558463BF2A02846D00646730 /* ActionsView.swift in Sources */,
			);
			runOnlyForDeploymentPostprocessing = 0;
		};
/* End PBXSourcesBuildPhase section */

/* Begin XCBuildConfiguration section */
		55ABA2962A0251E1004A84E5 /* Debug */ = {
			isa = XCBuildConfiguration;
			buildSettings = {
				ALWAYS_SEARCH_USER_PATHS = NO;
				CLANG_ANALYZER_NONNULL = YES;
				CLANG_ANALYZER_NUMBER_OBJECT_CONVERSION = YES_AGGRESSIVE;
				CLANG_CXX_LANGUAGE_STANDARD = "gnu++20";
				CLANG_ENABLE_MODULES = YES;
				CLANG_ENABLE_OBJC_ARC = YES;
				CLANG_ENABLE_OBJC_WEAK = YES;
				CLANG_WARN_BLOCK_CAPTURE_AUTORELEASING = YES;
				CLANG_WARN_BOOL_CONVERSION = YES;
				CLANG_WARN_COMMA = YES;
				CLANG_WARN_CONSTANT_CONVERSION = YES;
				CLANG_WARN_DEPRECATED_OBJC_IMPLEMENTATIONS = YES;
				CLANG_WARN_DIRECT_OBJC_ISA_USAGE = YES_ERROR;
				CLANG_WARN_DOCUMENTATION_COMMENTS = YES;
				CLANG_WARN_EMPTY_BODY = YES;
				CLANG_WARN_ENUM_CONVERSION = YES;
				CLANG_WARN_INFINITE_RECURSION = YES;
				CLANG_WARN_INT_CONVERSION = YES;
				CLANG_WARN_NON_LITERAL_NULL_CONVERSION = YES;
				CLANG_WARN_OBJC_IMPLICIT_RETAIN_SELF = YES;
				CLANG_WARN_OBJC_LITERAL_CONVERSION = YES;
				CLANG_WARN_OBJC_ROOT_CLASS = YES_ERROR;
				CLANG_WARN_QUOTED_INCLUDE_IN_FRAMEWORK_HEADER = YES;
				CLANG_WARN_RANGE_LOOP_ANALYSIS = YES;
				CLANG_WARN_STRICT_PROTOTYPES = YES;
				CLANG_WARN_SUSPICIOUS_MOVE = YES;
				CLANG_WARN_UNGUARDED_AVAILABILITY = YES_AGGRESSIVE;
				CLANG_WARN_UNREACHABLE_CODE = YES;
				CLANG_WARN__DUPLICATE_METHOD_MATCH = YES;
				COPY_PHASE_STRIP = NO;
				DEBUG_INFORMATION_FORMAT = dwarf;
				ENABLE_STRICT_OBJC_MSGSEND = YES;
				ENABLE_TESTABILITY = YES;
				GCC_C_LANGUAGE_STANDARD = gnu11;
				GCC_DYNAMIC_NO_PIC = NO;
				GCC_NO_COMMON_BLOCKS = YES;
				GCC_OPTIMIZATION_LEVEL = 0;
				GCC_PREPROCESSOR_DEFINITIONS = (
					"DEBUG=1",
					"$(inherited)",
				);
				GCC_WARN_64_TO_32_BIT_CONVERSION = YES;
				GCC_WARN_ABOUT_RETURN_TYPE = YES_ERROR;
				GCC_WARN_UNDECLARED_SELECTOR = YES;
				GCC_WARN_UNINITIALIZED_AUTOS = YES_AGGRESSIVE;
				GCC_WARN_UNUSED_FUNCTION = YES;
				GCC_WARN_UNUSED_VARIABLE = YES;
				IPHONEOS_DEPLOYMENT_TARGET = 16.4;
				MTL_ENABLE_DEBUG_INFO = INCLUDE_SOURCE;
				MTL_FAST_MATH = YES;
				ONLY_ACTIVE_ARCH = YES;
				SDKROOT = iphoneos;
				SWIFT_ACTIVE_COMPILATION_CONDITIONS = DEBUG;
				SWIFT_OPTIMIZATION_LEVEL = "-Onone";
			};
			name = Debug;
		};
		55ABA2972A0251E1004A84E5 /* Release */ = {
			isa = XCBuildConfiguration;
			buildSettings = {
				ALWAYS_SEARCH_USER_PATHS = NO;
				CLANG_ANALYZER_NONNULL = YES;
				CLANG_ANALYZER_NUMBER_OBJECT_CONVERSION = YES_AGGRESSIVE;
				CLANG_CXX_LANGUAGE_STANDARD = "gnu++20";
				CLANG_ENABLE_MODULES = YES;
				CLANG_ENABLE_OBJC_ARC = YES;
				CLANG_ENABLE_OBJC_WEAK = YES;
				CLANG_WARN_BLOCK_CAPTURE_AUTORELEASING = YES;
				CLANG_WARN_BOOL_CONVERSION = YES;
				CLANG_WARN_COMMA = YES;
				CLANG_WARN_CONSTANT_CONVERSION = YES;
				CLANG_WARN_DEPRECATED_OBJC_IMPLEMENTATIONS = YES;
				CLANG_WARN_DIRECT_OBJC_ISA_USAGE = YES_ERROR;
				CLANG_WARN_DOCUMENTATION_COMMENTS = YES;
				CLANG_WARN_EMPTY_BODY = YES;
				CLANG_WARN_ENUM_CONVERSION = YES;
				CLANG_WARN_INFINITE_RECURSION = YES;
				CLANG_WARN_INT_CONVERSION = YES;
				CLANG_WARN_NON_LITERAL_NULL_CONVERSION = YES;
				CLANG_WARN_OBJC_IMPLICIT_RETAIN_SELF = YES;
				CLANG_WARN_OBJC_LITERAL_CONVERSION = YES;
				CLANG_WARN_OBJC_ROOT_CLASS = YES_ERROR;
				CLANG_WARN_QUOTED_INCLUDE_IN_FRAMEWORK_HEADER = YES;
				CLANG_WARN_RANGE_LOOP_ANALYSIS = YES;
				CLANG_WARN_STRICT_PROTOTYPES = YES;
				CLANG_WARN_SUSPICIOUS_MOVE = YES;
				CLANG_WARN_UNGUARDED_AVAILABILITY = YES_AGGRESSIVE;
				CLANG_WARN_UNREACHABLE_CODE = YES;
				CLANG_WARN__DUPLICATE_METHOD_MATCH = YES;
				COPY_PHASE_STRIP = NO;
				DEBUG_INFORMATION_FORMAT = "dwarf-with-dsym";
				ENABLE_NS_ASSERTIONS = NO;
				ENABLE_STRICT_OBJC_MSGSEND = YES;
				GCC_C_LANGUAGE_STANDARD = gnu11;
				GCC_NO_COMMON_BLOCKS = YES;
				GCC_WARN_64_TO_32_BIT_CONVERSION = YES;
				GCC_WARN_ABOUT_RETURN_TYPE = YES_ERROR;
				GCC_WARN_UNDECLARED_SELECTOR = YES;
				GCC_WARN_UNINITIALIZED_AUTOS = YES_AGGRESSIVE;
				GCC_WARN_UNUSED_FUNCTION = YES;
				GCC_WARN_UNUSED_VARIABLE = YES;
				IPHONEOS_DEPLOYMENT_TARGET = 16.4;
				MTL_ENABLE_DEBUG_INFO = NO;
				MTL_FAST_MATH = YES;
				SDKROOT = iphoneos;
				SWIFT_COMPILATION_MODE = wholemodule;
				SWIFT_OPTIMIZATION_LEVEL = "-O";
				VALIDATE_PRODUCT = YES;
			};
			name = Release;
		};
		55ABA2992A0251E1004A84E5 /* Debug */ = {
			isa = XCBuildConfiguration;
			buildSettings = {
				ASSETCATALOG_COMPILER_APPICON_NAME = AppIcon;
				ASSETCATALOG_COMPILER_GLOBAL_ACCENT_COLOR_NAME = AccentColor;
				CODE_SIGN_STYLE = Automatic;
				CURRENT_PROJECT_VERSION = 1;
				DEVELOPMENT_ASSET_PATHS = "\"TriggerKitDemo/Preview Content\"";
				DEVELOPMENT_TEAM = AY32NZUWTJ;
				ENABLE_PREVIEWS = YES;
				GENERATE_INFOPLIST_FILE = YES;
				INFOPLIST_FILE = TriggerKitDemo/Info.plist;
				INFOPLIST_KEY_NSBluetoothAlwaysUsageDescription = "Connect to bluetooth MIDI devices";
				INFOPLIST_KEY_UIApplicationSceneManifest_Generation = YES;
				INFOPLIST_KEY_UIApplicationSupportsIndirectInputEvents = YES;
				INFOPLIST_KEY_UILaunchScreen_Generation = YES;
				INFOPLIST_KEY_UISupportedInterfaceOrientations_iPad = "UIInterfaceOrientationPortrait UIInterfaceOrientationPortraitUpsideDown UIInterfaceOrientationLandscapeLeft UIInterfaceOrientationLandscapeRight";
				INFOPLIST_KEY_UISupportedInterfaceOrientations_iPhone = "UIInterfaceOrientationPortrait UIInterfaceOrientationLandscapeLeft UIInterfaceOrientationLandscapeRight";
				LD_RUNPATH_SEARCH_PATHS = (
					"$(inherited)",
					"@executable_path/Frameworks",
				);
				MARKETING_VERSION = 1.0;
				PRODUCT_BUNDLE_IDENTIFIER = com.lightbeamapps.TriggerKitDemo;
				PRODUCT_NAME = "$(TARGET_NAME)";
				SWIFT_EMIT_LOC_STRINGS = YES;
				SWIFT_VERSION = 5.0;
				TARGETED_DEVICE_FAMILY = "1,2";
			};
			name = Debug;
		};
		55ABA29A2A0251E1004A84E5 /* Release */ = {
			isa = XCBuildConfiguration;
			buildSettings = {
				ASSETCATALOG_COMPILER_APPICON_NAME = AppIcon;
				ASSETCATALOG_COMPILER_GLOBAL_ACCENT_COLOR_NAME = AccentColor;
				CODE_SIGN_STYLE = Automatic;
				CURRENT_PROJECT_VERSION = 1;
				DEVELOPMENT_ASSET_PATHS = "\"TriggerKitDemo/Preview Content\"";
				DEVELOPMENT_TEAM = AY32NZUWTJ;
				ENABLE_PREVIEWS = YES;
				GENERATE_INFOPLIST_FILE = YES;
				INFOPLIST_FILE = TriggerKitDemo/Info.plist;
				INFOPLIST_KEY_NSBluetoothAlwaysUsageDescription = "Connect to bluetooth MIDI devices";
				INFOPLIST_KEY_UIApplicationSceneManifest_Generation = YES;
				INFOPLIST_KEY_UIApplicationSupportsIndirectInputEvents = YES;
				INFOPLIST_KEY_UILaunchScreen_Generation = YES;
				INFOPLIST_KEY_UISupportedInterfaceOrientations_iPad = "UIInterfaceOrientationPortrait UIInterfaceOrientationPortraitUpsideDown UIInterfaceOrientationLandscapeLeft UIInterfaceOrientationLandscapeRight";
				INFOPLIST_KEY_UISupportedInterfaceOrientations_iPhone = "UIInterfaceOrientationPortrait UIInterfaceOrientationLandscapeLeft UIInterfaceOrientationLandscapeRight";
				LD_RUNPATH_SEARCH_PATHS = (
					"$(inherited)",
					"@executable_path/Frameworks",
				);
				MARKETING_VERSION = 1.0;
				PRODUCT_BUNDLE_IDENTIFIER = com.lightbeamapps.TriggerKitDemo;
				PRODUCT_NAME = "$(TARGET_NAME)";
				SWIFT_EMIT_LOC_STRINGS = YES;
				SWIFT_VERSION = 5.0;
				TARGETED_DEVICE_FAMILY = "1,2";
			};
			name = Release;
		};
/* End XCBuildConfiguration section */

/* Begin XCConfigurationList section */
		55ABA2852A0251E0004A84E5 /* Build configuration list for PBXProject "TriggerKitDemo" */ = {
			isa = XCConfigurationList;
			buildConfigurations = (
				55ABA2962A0251E1004A84E5 /* Debug */,
				55ABA2972A0251E1004A84E5 /* Release */,
			);
			defaultConfigurationIsVisible = 0;
			defaultConfigurationName = Release;
		};
		55ABA2982A0251E1004A84E5 /* Build configuration list for PBXNativeTarget "TriggerKitDemo" */ = {
			isa = XCConfigurationList;
			buildConfigurations = (
				55ABA2992A0251E1004A84E5 /* Debug */,
				55ABA29A2A0251E1004A84E5 /* Release */,
			);
			defaultConfigurationIsVisible = 0;
			defaultConfigurationName = Release;
		};
/* End XCConfigurationList section */

/* Begin XCSwiftPackageProductDependency section */
		558463BC2A02750800646730 /* TriggerKit */ = {
			isa = XCSwiftPackageProductDependency;
			productName = TriggerKit;
		};
/* End XCSwiftPackageProductDependency section */
	};
	rootObject = 55ABA2822A0251E0004A84E5 /* Project object */;
}
